// !$*UTF8*$!
{
	archiveVersion = 1;
	classes = {
	};
	objectVersion = 56;
	objects = {

/* Begin PBXBuildFile section */
		202722312C018F3F00102EF7 /* Tche__ConectaApp.swift in Sources */ = {isa = PBXBuildFile; fileRef = 202722302C018F3F00102EF7 /* Tche__ConectaApp.swift */; };
		202722352C018F4100102EF7 /* Assets.xcassets in Resources */ = {isa = PBXBuildFile; fileRef = 202722342C018F4100102EF7 /* Assets.xcassets */; };
		202722392C018F4100102EF7 /* Preview Assets.xcassets in Resources */ = {isa = PBXBuildFile; fileRef = 202722382C018F4100102EF7 /* Preview Assets.xcassets */; };
		2027224A2C018F6600102EF7 /* CustomButtonStyle.swift in Sources */ = {isa = PBXBuildFile; fileRef = 202722402C018F5F00102EF7 /* CustomButtonStyle.swift */; };
		2027224B2C018F6600102EF7 /* CustomPasswordField.swift in Sources */ = {isa = PBXBuildFile; fileRef = 202722412C018F5F00102EF7 /* CustomPasswordField.swift */; };
		2027224C2C018F6600102EF7 /* CustomTextField.swift in Sources */ = {isa = PBXBuildFile; fileRef = 202722422C018F5F00102EF7 /* CustomTextField.swift */; };
		2027224D2C018F6600102EF7 /* CustomTextStyle.swift in Sources */ = {isa = PBXBuildFile; fileRef = 202722432C018F5F00102EF7 /* CustomTextStyle.swift */; };
		2027224E2C018F6600102EF7 /* SearchableDropdown.swift in Sources */ = {isa = PBXBuildFile; fileRef = 202722442C018F5F00102EF7 /* SearchableDropdown.swift */; };
		2027224F2C018F6600102EF7 /* LoginView.swift in Sources */ = {isa = PBXBuildFile; fileRef = 202722462C018F6000102EF7 /* LoginView.swift */; };
		202722502C018F6600102EF7 /* SignupView.swift in Sources */ = {isa = PBXBuildFile; fileRef = 202722482C018F6500102EF7 /* SignupView.swift */; };
		202722522C018F9A00102EF7 /* Profession.swift in Sources */ = {isa = PBXBuildFile; fileRef = 202722512C018F9A00102EF7 /* Profession.swift */; };
		2027225B2C022F8100102EF7 /* AppStartViewRepresentable.swift in Sources */ = {isa = PBXBuildFile; fileRef = 2027225A2C022F8100102EF7 /* AppStartViewRepresentable.swift */; };
		2027225D2C022F9B00102EF7 /* AppCoordinator.swift in Sources */ = {isa = PBXBuildFile; fileRef = 2027225C2C022F9B00102EF7 /* AppCoordinator.swift */; };
		202724FC2C023FA700102EF7 /* SignupViewModel.swift in Sources */ = {isa = PBXBuildFile; fileRef = 202724FB2C023FA700102EF7 /* SignupViewModel.swift */; };
		202725002C02514A00102EF7 /* MaskedTextFieldModifier.swift in Sources */ = {isa = PBXBuildFile; fileRef = 202724FF2C02514A00102EF7 /* MaskedTextFieldModifier.swift */; };
		2027250B2C027F6900102EF7 /* ServicesCell.swift in Sources */ = {isa = PBXBuildFile; fileRef = 2027250A2C027F6900102EF7 /* ServicesCell.swift */; };
		2027250D2C0283C000102EF7 /* Rating.swift in Sources */ = {isa = PBXBuildFile; fileRef = 2027250C2C0283C000102EF7 /* Rating.swift */; };
		2027250F2C0283D600102EF7 /* Testimonial.swift in Sources */ = {isa = PBXBuildFile; fileRef = 2027250E2C0283D600102EF7 /* Testimonial.swift */; };
		202725112C0283FB00102EF7 /* RequestServicesDetailsView.swift in Sources */ = {isa = PBXBuildFile; fileRef = 202725102C0283FB00102EF7 /* RequestServicesDetailsView.swift */; };
		202725132C02B26C00102EF7 /* SignupSuccessView.swift in Sources */ = {isa = PBXBuildFile; fileRef = 202725122C02B26C00102EF7 /* SignupSuccessView.swift */; };
		202725152C02B73D00102EF7 /* Professions+Stub.swift in Sources */ = {isa = PBXBuildFile; fileRef = 202725142C02B73D00102EF7 /* Professions+Stub.swift */; };
		E54DAA402C02209F00B5A885 /* HomeView.swift in Sources */ = {isa = PBXBuildFile; fileRef = E54DAA3F2C02209F00B5A885 /* HomeView.swift */; };
		E54DAA422C0220ED00B5A885 /* Menu.swift in Sources */ = {isa = PBXBuildFile; fileRef = E54DAA412C0220ED00B5A885 /* Menu.swift */; };
		E54DAA452C02401300B5A885 /* RequestServicesView.swift in Sources */ = {isa = PBXBuildFile; fileRef = E54DAA442C02401300B5A885 /* RequestServicesView.swift */; };
		E54DAA492C02606F00B5A885 /* Person.swift in Sources */ = {isa = PBXBuildFile; fileRef = E54DAA482C02606F00B5A885 /* Person.swift */; };
		E55769052C02B170003498FE /* ChatListView.swift in Sources */ = {isa = PBXBuildFile; fileRef = E55769042C02B170003498FE /* ChatListView.swift */; };
		E55769072C02B1A0003498FE /* ChatCell.swift in Sources */ = {isa = PBXBuildFile; fileRef = E55769062C02B1A0003498FE /* ChatCell.swift */; };
		E55769092C02B678003498FE /* ChatDetailView.swift in Sources */ = {isa = PBXBuildFile; fileRef = E55769082C02B678003498FE /* ChatDetailView.swift */; };
/* End PBXBuildFile section */

/* Begin PBXFileReference section */
		2027222D2C018F3F00102EF7 /* Tchê Conecta.app */ = {isa = PBXFileReference; explicitFileType = wrapper.application; includeInIndex = 0; path = "Tchê Conecta.app"; sourceTree = BUILT_PRODUCTS_DIR; };
		202722302C018F3F00102EF7 /* Tche__ConectaApp.swift */ = {isa = PBXFileReference; lastKnownFileType = sourcecode.swift; path = Tche__ConectaApp.swift; sourceTree = "<group>"; };
		202722342C018F4100102EF7 /* Assets.xcassets */ = {isa = PBXFileReference; lastKnownFileType = folder.assetcatalog; path = Assets.xcassets; sourceTree = "<group>"; };
		202722362C018F4100102EF7 /* Tche__Conecta.entitlements */ = {isa = PBXFileReference; lastKnownFileType = text.plist.entitlements; path = Tche__Conecta.entitlements; sourceTree = "<group>"; };
		202722382C018F4100102EF7 /* Preview Assets.xcassets */ = {isa = PBXFileReference; lastKnownFileType = folder.assetcatalog; path = "Preview Assets.xcassets"; sourceTree = "<group>"; };
		202722402C018F5F00102EF7 /* CustomButtonStyle.swift */ = {isa = PBXFileReference; fileEncoding = 4; lastKnownFileType = sourcecode.swift; path = CustomButtonStyle.swift; sourceTree = "<group>"; };
		202722412C018F5F00102EF7 /* CustomPasswordField.swift */ = {isa = PBXFileReference; fileEncoding = 4; lastKnownFileType = sourcecode.swift; path = CustomPasswordField.swift; sourceTree = "<group>"; };
		202722422C018F5F00102EF7 /* CustomTextField.swift */ = {isa = PBXFileReference; fileEncoding = 4; lastKnownFileType = sourcecode.swift; path = CustomTextField.swift; sourceTree = "<group>"; };
		202722432C018F5F00102EF7 /* CustomTextStyle.swift */ = {isa = PBXFileReference; fileEncoding = 4; lastKnownFileType = sourcecode.swift; path = CustomTextStyle.swift; sourceTree = "<group>"; };
		202722442C018F5F00102EF7 /* SearchableDropdown.swift */ = {isa = PBXFileReference; fileEncoding = 4; lastKnownFileType = sourcecode.swift; path = SearchableDropdown.swift; sourceTree = "<group>"; };
		202722462C018F6000102EF7 /* LoginView.swift */ = {isa = PBXFileReference; fileEncoding = 4; lastKnownFileType = sourcecode.swift; path = LoginView.swift; sourceTree = "<group>"; };
		202722482C018F6500102EF7 /* SignupView.swift */ = {isa = PBXFileReference; fileEncoding = 4; lastKnownFileType = sourcecode.swift; path = SignupView.swift; sourceTree = "<group>"; };
		202722512C018F9A00102EF7 /* Profession.swift */ = {isa = PBXFileReference; lastKnownFileType = sourcecode.swift; path = Profession.swift; sourceTree = "<group>"; };
		2027225A2C022F8100102EF7 /* AppStartViewRepresentable.swift */ = {isa = PBXFileReference; lastKnownFileType = sourcecode.swift; path = AppStartViewRepresentable.swift; sourceTree = "<group>"; };
		2027225C2C022F9B00102EF7 /* AppCoordinator.swift */ = {isa = PBXFileReference; lastKnownFileType = sourcecode.swift; path = AppCoordinator.swift; sourceTree = "<group>"; };
		202724FB2C023FA700102EF7 /* SignupViewModel.swift */ = {isa = PBXFileReference; lastKnownFileType = sourcecode.swift; path = SignupViewModel.swift; sourceTree = "<group>"; };
		202724FF2C02514A00102EF7 /* MaskedTextFieldModifier.swift */ = {isa = PBXFileReference; lastKnownFileType = sourcecode.swift; path = MaskedTextFieldModifier.swift; sourceTree = "<group>"; };
		2027250A2C027F6900102EF7 /* ServicesCell.swift */ = {isa = PBXFileReference; fileEncoding = 4; lastKnownFileType = sourcecode.swift; name = ServicesCell.swift; path = "Tchê Conecta/Components/ServicesCell.swift"; sourceTree = SOURCE_ROOT; };
		2027250C2C0283C000102EF7 /* Rating.swift */ = {isa = PBXFileReference; lastKnownFileType = sourcecode.swift; path = Rating.swift; sourceTree = "<group>"; };
		2027250E2C0283D600102EF7 /* Testimonial.swift */ = {isa = PBXFileReference; lastKnownFileType = sourcecode.swift; path = Testimonial.swift; sourceTree = "<group>"; };
		202725102C0283FB00102EF7 /* RequestServicesDetailsView.swift */ = {isa = PBXFileReference; lastKnownFileType = sourcecode.swift; path = RequestServicesDetailsView.swift; sourceTree = "<group>"; };
		202725122C02B26C00102EF7 /* SignupSuccessView.swift */ = {isa = PBXFileReference; lastKnownFileType = sourcecode.swift; path = SignupSuccessView.swift; sourceTree = "<group>"; };
		202725142C02B73D00102EF7 /* Professions+Stub.swift */ = {isa = PBXFileReference; lastKnownFileType = sourcecode.swift; path = "Professions+Stub.swift"; sourceTree = "<group>"; };
		E54DAA3F2C02209F00B5A885 /* HomeView.swift */ = {isa = PBXFileReference; lastKnownFileType = sourcecode.swift; path = HomeView.swift; sourceTree = "<group>"; };
		E54DAA412C0220ED00B5A885 /* Menu.swift */ = {isa = PBXFileReference; lastKnownFileType = sourcecode.swift; path = Menu.swift; sourceTree = "<group>"; };
		E54DAA442C02401300B5A885 /* RequestServicesView.swift */ = {isa = PBXFileReference; lastKnownFileType = sourcecode.swift; path = RequestServicesView.swift; sourceTree = "<group>"; };
		E54DAA462C02602500B5A885 /* ServicesCell.swift */ = {isa = PBXFileReference; lastKnownFileType = sourcecode.swift; path = ServicesCell.swift; sourceTree = "<group>"; };
		E54DAA482C02606F00B5A885 /* Person.swift */ = {isa = PBXFileReference; lastKnownFileType = sourcecode.swift; path = Person.swift; sourceTree = "<group>"; };
		E55769042C02B170003498FE /* ChatListView.swift */ = {isa = PBXFileReference; lastKnownFileType = sourcecode.swift; path = ChatListView.swift; sourceTree = "<group>"; };
		E55769062C02B1A0003498FE /* ChatCell.swift */ = {isa = PBXFileReference; lastKnownFileType = sourcecode.swift; path = ChatCell.swift; sourceTree = "<group>"; };
		E55769082C02B678003498FE /* ChatDetailView.swift */ = {isa = PBXFileReference; lastKnownFileType = sourcecode.swift; path = ChatDetailView.swift; sourceTree = "<group>"; };
/* End PBXFileReference section */

/* Begin PBXFrameworksBuildPhase section */
		2027222A2C018F3F00102EF7 /* Frameworks */ = {
			isa = PBXFrameworksBuildPhase;
			buildActionMask = 2147483647;
			files = (
			);
			runOnlyForDeploymentPostprocessing = 0;
		};
/* End PBXFrameworksBuildPhase section */

/* Begin PBXGroup section */
		202722242C018F3F00102EF7 = {
			isa = PBXGroup;
			children = (
				2027222F2C018F3F00102EF7 /* Tchê Conecta */,
				2027222E2C018F3F00102EF7 /* Products */,
				202725082C027EFE00102EF7 /* Recovered References */,
			);
			sourceTree = "<group>";
		};
		2027222E2C018F3F00102EF7 /* Products */ = {
			isa = PBXGroup;
			children = (
				2027222D2C018F3F00102EF7 /* Tchê Conecta.app */,
			);
			name = Products;
			sourceTree = "<group>";
		};
		2027222F2C018F3F00102EF7 /* Tchê Conecta */ = {
			isa = PBXGroup;
			children = (
				E55769032C02B161003498FE /* Chat */,
				E54DAA432C023FDB00B5A885 /* RequestServices  */,
				202722592C022F6D00102EF7 /* Core */,
				202722532C018FA100102EF7 /* Models */,
				202722452C018F5F00102EF7 /* Components */,
				202722472C018F6000102EF7 /* Login */,
				2027223F2C018F5200102EF7 /* Preview Content */,
				202722492C018F6500102EF7 /* Signup */,
				E54DAA3E2C02207700B5A885 /* HomeView */,
				202722302C018F3F00102EF7 /* Tche__ConectaApp.swift */,
				202722342C018F4100102EF7 /* Assets.xcassets */,
				202722362C018F4100102EF7 /* Tche__Conecta.entitlements */,
				202722372C018F4100102EF7 /* Preview Content */,
			);
			path = "Tchê Conecta";
			sourceTree = "<group>";
		};
		202722372C018F4100102EF7 /* Preview Content */ = {
			isa = PBXGroup;
			children = (
				202722382C018F4100102EF7 /* Preview Assets.xcassets */,
			);
			path = "Preview Content";
			sourceTree = "<group>";
		};
		2027223F2C018F5200102EF7 /* Preview Content */ = {
			isa = PBXGroup;
			children = (
			);
			name = "Preview Content";
			path = "../../../Documents/Project/Preview Content";
			sourceTree = "<group>";
		};
		202722452C018F5F00102EF7 /* Components */ = {
			isa = PBXGroup;
			children = (
				202724FE2C02513300102EF7 /* Views */,
				202724FD2C02512E00102EF7 /* Helpers */,
			);
			path = Components;
			sourceTree = "<group>";
		};
		202722472C018F6000102EF7 /* Login */ = {
			isa = PBXGroup;
			children = (
				202722462C018F6000102EF7 /* LoginView.swift */,
			);
			path = Login;
			sourceTree = "<group>";
		};
		202722492C018F6500102EF7 /* Signup */ = {
			isa = PBXGroup;
			children = (
				202722482C018F6500102EF7 /* SignupView.swift */,
				202724FB2C023FA700102EF7 /* SignupViewModel.swift */,
				202725122C02B26C00102EF7 /* SignupSuccessView.swift */,
			);
			path = Signup;
			sourceTree = "<group>";
		};
		202722532C018FA100102EF7 /* Models */ = {
			isa = PBXGroup;
			children = (
				202722512C018F9A00102EF7 /* Profession.swift */,
				E54DAA412C0220ED00B5A885 /* Menu.swift */,
				E54DAA482C02606F00B5A885 /* Person.swift */,
				2027250C2C0283C000102EF7 /* Rating.swift */,
				2027250E2C0283D600102EF7 /* Testimonial.swift */,
			);
			path = Models;
			sourceTree = "<group>";
		};
		202722592C022F6D00102EF7 /* Core */ = {
			isa = PBXGroup;
			children = (
				2027225A2C022F8100102EF7 /* AppStartViewRepresentable.swift */,
				2027225C2C022F9B00102EF7 /* AppCoordinator.swift */,
			);
			path = Core;
			sourceTree = "<group>";
		};
		202724FD2C02512E00102EF7 /* Helpers */ = {
			isa = PBXGroup;
			children = (
				202724FF2C02514A00102EF7 /* MaskedTextFieldModifier.swift */,
				202725142C02B73D00102EF7 /* Professions+Stub.swift */,
			);
			path = Helpers;
			sourceTree = "<group>";
		};
		202724FE2C02513300102EF7 /* Views */ = {
			isa = PBXGroup;
			children = (
				2027250A2C027F6900102EF7 /* ServicesCell.swift */,
				202722402C018F5F00102EF7 /* CustomButtonStyle.swift */,
				202722412C018F5F00102EF7 /* CustomPasswordField.swift */,
				202722422C018F5F00102EF7 /* CustomTextField.swift */,
				202722432C018F5F00102EF7 /* CustomTextStyle.swift */,
				202722442C018F5F00102EF7 /* SearchableDropdown.swift */,
				E55769062C02B1A0003498FE /* ChatCell.swift */,
			);
			path = Views;
			sourceTree = "<group>";
		};
		202725082C027EFE00102EF7 /* Recovered References */ = {
			isa = PBXGroup;
			children = (
				E54DAA462C02602500B5A885 /* ServicesCell.swift */,
			);
			name = "Recovered References";
			sourceTree = "<group>";
		};
		E54DAA3E2C02207700B5A885 /* HomeView */ = {
			isa = PBXGroup;
			children = (
				E54DAA3F2C02209F00B5A885 /* HomeView.swift */,
			);
			path = HomeView;
			sourceTree = "<group>";
		};
		E54DAA432C023FDB00B5A885 /* RequestServices  */ = {
			isa = PBXGroup;
			children = (
				E54DAA442C02401300B5A885 /* RequestServicesView.swift */,
				202725102C0283FB00102EF7 /* RequestServicesDetailsView.swift */,
			);
			path = "RequestServices ";
			sourceTree = "<group>";
		};
		E55769032C02B161003498FE /* Chat */ = {
			isa = PBXGroup;
			children = (
				E55769042C02B170003498FE /* ChatListView.swift */,
				E55769082C02B678003498FE /* ChatDetailView.swift */,
			);
			path = Chat;
			sourceTree = "<group>";
		};
/* End PBXGroup section */

/* Begin PBXNativeTarget section */
		2027222C2C018F3F00102EF7 /* Tchê Conecta */ = {
			isa = PBXNativeTarget;
			buildConfigurationList = 2027223C2C018F4100102EF7 /* Build configuration list for PBXNativeTarget "Tchê Conecta" */;
			buildPhases = (
				202722292C018F3F00102EF7 /* Sources */,
				2027222A2C018F3F00102EF7 /* Frameworks */,
				2027222B2C018F3F00102EF7 /* Resources */,
			);
			buildRules = (
			);
			dependencies = (
			);
			name = "Tchê Conecta";
			productName = "Tchê Conecta";
			productReference = 2027222D2C018F3F00102EF7 /* Tchê Conecta.app */;
			productType = "com.apple.product-type.application";
		};
/* End PBXNativeTarget section */

/* Begin PBXProject section */
		202722252C018F3F00102EF7 /* Project object */ = {
			isa = PBXProject;
			attributes = {
				BuildIndependentTargetsInParallel = 1;
				LastSwiftUpdateCheck = 1530;
				LastUpgradeCheck = 1530;
				TargetAttributes = {
					2027222C2C018F3F00102EF7 = {
						CreatedOnToolsVersion = 15.3;
					};
				};
			};
			buildConfigurationList = 202722282C018F3F00102EF7 /* Build configuration list for PBXProject "Tchê Conecta" */;
			compatibilityVersion = "Xcode 14.0";
			developmentRegion = en;
			hasScannedForEncodings = 0;
			knownRegions = (
				en,
				Base,
			);
			mainGroup = 202722242C018F3F00102EF7;
			productRefGroup = 2027222E2C018F3F00102EF7 /* Products */;
			projectDirPath = "";
			projectRoot = "";
			targets = (
				2027222C2C018F3F00102EF7 /* Tchê Conecta */,
			);
		};
/* End PBXProject section */

/* Begin PBXResourcesBuildPhase section */
		2027222B2C018F3F00102EF7 /* Resources */ = {
			isa = PBXResourcesBuildPhase;
			buildActionMask = 2147483647;
			files = (
				202722392C018F4100102EF7 /* Preview Assets.xcassets in Resources */,
				202722352C018F4100102EF7 /* Assets.xcassets in Resources */,
			);
			runOnlyForDeploymentPostprocessing = 0;
		};
/* End PBXResourcesBuildPhase section */

/* Begin PBXSourcesBuildPhase section */
		202722292C018F3F00102EF7 /* Sources */ = {
			isa = PBXSourcesBuildPhase;
			buildActionMask = 2147483647;
			files = (
				202722502C018F6600102EF7 /* SignupView.swift in Sources */,
				2027224A2C018F6600102EF7 /* CustomButtonStyle.swift in Sources */,
				2027225D2C022F9B00102EF7 /* AppCoordinator.swift in Sources */,
				2027224B2C018F6600102EF7 /* CustomPasswordField.swift in Sources */,
				E55769052C02B170003498FE /* ChatListView.swift in Sources */,
				E54DAA402C02209F00B5A885 /* HomeView.swift in Sources */,
				202722312C018F3F00102EF7 /* Tche__ConectaApp.swift in Sources */,
				202725152C02B73D00102EF7 /* Professions+Stub.swift in Sources */,
				E54DAA422C0220ED00B5A885 /* Menu.swift in Sources */,
				202725002C02514A00102EF7 /* MaskedTextFieldModifier.swift in Sources */,
				202725112C0283FB00102EF7 /* RequestServicesDetailsView.swift in Sources */,
				202722522C018F9A00102EF7 /* Profession.swift in Sources */,
				2027250F2C0283D600102EF7 /* Testimonial.swift in Sources */,
				2027224E2C018F6600102EF7 /* SearchableDropdown.swift in Sources */,
				E54DAA452C02401300B5A885 /* RequestServicesView.swift in Sources */,
				2027250D2C0283C000102EF7 /* Rating.swift in Sources */,
				2027225B2C022F8100102EF7 /* AppStartViewRepresentable.swift in Sources */,
				202724FC2C023FA700102EF7 /* SignupViewModel.swift in Sources */,
				2027250B2C027F6900102EF7 /* ServicesCell.swift in Sources */,
				2027224C2C018F6600102EF7 /* CustomTextField.swift in Sources */,
				202725132C02B26C00102EF7 /* SignupSuccessView.swift in Sources */,
				2027224F2C018F6600102EF7 /* LoginView.swift in Sources */,
				E55769092C02B678003498FE /* ChatDetailView.swift in Sources */,
				E54DAA492C02606F00B5A885 /* Person.swift in Sources */,
				2027224D2C018F6600102EF7 /* CustomTextStyle.swift in Sources */,
			);
			runOnlyForDeploymentPostprocessing = 0;
		};
/* End PBXSourcesBuildPhase section */

/* Begin XCBuildConfiguration section */
		2027223A2C018F4100102EF7 /* Debug */ = {
			isa = XCBuildConfiguration;
			buildSettings = {
				ALWAYS_SEARCH_USER_PATHS = NO;
				ASSETCATALOG_COMPILER_GENERATE_SWIFT_ASSET_SYMBOL_EXTENSIONS = YES;
				CLANG_ANALYZER_NONNULL = YES;
				CLANG_ANALYZER_NUMBER_OBJECT_CONVERSION = YES_AGGRESSIVE;
				CLANG_CXX_LANGUAGE_STANDARD = "gnu++20";
				CLANG_ENABLE_MODULES = YES;
				CLANG_ENABLE_OBJC_ARC = YES;
				CLANG_ENABLE_OBJC_WEAK = YES;
				CLANG_WARN_BLOCK_CAPTURE_AUTORELEASING = YES;
				CLANG_WARN_BOOL_CONVERSION = YES;
				CLANG_WARN_COMMA = YES;
				CLANG_WARN_CONSTANT_CONVERSION = YES;
				CLANG_WARN_DEPRECATED_OBJC_IMPLEMENTATIONS = YES;
				CLANG_WARN_DIRECT_OBJC_ISA_USAGE = YES_ERROR;
				CLANG_WARN_DOCUMENTATION_COMMENTS = YES;
				CLANG_WARN_EMPTY_BODY = YES;
				CLANG_WARN_ENUM_CONVERSION = YES;
				CLANG_WARN_INFINITE_RECURSION = YES;
				CLANG_WARN_INT_CONVERSION = YES;
				CLANG_WARN_NON_LITERAL_NULL_CONVERSION = YES;
				CLANG_WARN_OBJC_IMPLICIT_RETAIN_SELF = YES;
				CLANG_WARN_OBJC_LITERAL_CONVERSION = YES;
				CLANG_WARN_OBJC_ROOT_CLASS = YES_ERROR;
				CLANG_WARN_QUOTED_INCLUDE_IN_FRAMEWORK_HEADER = YES;
				CLANG_WARN_RANGE_LOOP_ANALYSIS = YES;
				CLANG_WARN_STRICT_PROTOTYPES = YES;
				CLANG_WARN_SUSPICIOUS_MOVE = YES;
				CLANG_WARN_UNGUARDED_AVAILABILITY = YES_AGGRESSIVE;
				CLANG_WARN_UNREACHABLE_CODE = YES;
				CLANG_WARN__DUPLICATE_METHOD_MATCH = YES;
				COPY_PHASE_STRIP = NO;
				DEBUG_INFORMATION_FORMAT = dwarf;
				ENABLE_STRICT_OBJC_MSGSEND = YES;
				ENABLE_TESTABILITY = YES;
				ENABLE_USER_SCRIPT_SANDBOXING = YES;
				GCC_C_LANGUAGE_STANDARD = gnu17;
				GCC_DYNAMIC_NO_PIC = NO;
				GCC_NO_COMMON_BLOCKS = YES;
				GCC_OPTIMIZATION_LEVEL = 0;
				GCC_PREPROCESSOR_DEFINITIONS = (
					"DEBUG=1",
					"$(inherited)",
				);
				GCC_WARN_64_TO_32_BIT_CONVERSION = YES;
				GCC_WARN_ABOUT_RETURN_TYPE = YES_ERROR;
				GCC_WARN_UNDECLARED_SELECTOR = YES;
				GCC_WARN_UNINITIALIZED_AUTOS = YES_AGGRESSIVE;
				GCC_WARN_UNUSED_FUNCTION = YES;
				GCC_WARN_UNUSED_VARIABLE = YES;
				LOCALIZATION_PREFERS_STRING_CATALOGS = YES;
				MTL_ENABLE_DEBUG_INFO = INCLUDE_SOURCE;
				MTL_FAST_MATH = YES;
				ONLY_ACTIVE_ARCH = YES;
				SWIFT_ACTIVE_COMPILATION_CONDITIONS = "DEBUG $(inherited)";
				SWIFT_OPTIMIZATION_LEVEL = "-Onone";
			};
			name = Debug;
		};
		2027223B2C018F4100102EF7 /* Release */ = {
			isa = XCBuildConfiguration;
			buildSettings = {
				ALWAYS_SEARCH_USER_PATHS = NO;
				ASSETCATALOG_COMPILER_GENERATE_SWIFT_ASSET_SYMBOL_EXTENSIONS = YES;
				CLANG_ANALYZER_NONNULL = YES;
				CLANG_ANALYZER_NUMBER_OBJECT_CONVERSION = YES_AGGRESSIVE;
				CLANG_CXX_LANGUAGE_STANDARD = "gnu++20";
				CLANG_ENABLE_MODULES = YES;
				CLANG_ENABLE_OBJC_ARC = YES;
				CLANG_ENABLE_OBJC_WEAK = YES;
				CLANG_WARN_BLOCK_CAPTURE_AUTORELEASING = YES;
				CLANG_WARN_BOOL_CONVERSION = YES;
				CLANG_WARN_COMMA = YES;
				CLANG_WARN_CONSTANT_CONVERSION = YES;
				CLANG_WARN_DEPRECATED_OBJC_IMPLEMENTATIONS = YES;
				CLANG_WARN_DIRECT_OBJC_ISA_USAGE = YES_ERROR;
				CLANG_WARN_DOCUMENTATION_COMMENTS = YES;
				CLANG_WARN_EMPTY_BODY = YES;
				CLANG_WARN_ENUM_CONVERSION = YES;
				CLANG_WARN_INFINITE_RECURSION = YES;
				CLANG_WARN_INT_CONVERSION = YES;
				CLANG_WARN_NON_LITERAL_NULL_CONVERSION = YES;
				CLANG_WARN_OBJC_IMPLICIT_RETAIN_SELF = YES;
				CLANG_WARN_OBJC_LITERAL_CONVERSION = YES;
				CLANG_WARN_OBJC_ROOT_CLASS = YES_ERROR;
				CLANG_WARN_QUOTED_INCLUDE_IN_FRAMEWORK_HEADER = YES;
				CLANG_WARN_RANGE_LOOP_ANALYSIS = YES;
				CLANG_WARN_STRICT_PROTOTYPES = YES;
				CLANG_WARN_SUSPICIOUS_MOVE = YES;
				CLANG_WARN_UNGUARDED_AVAILABILITY = YES_AGGRESSIVE;
				CLANG_WARN_UNREACHABLE_CODE = YES;
				CLANG_WARN__DUPLICATE_METHOD_MATCH = YES;
				COPY_PHASE_STRIP = NO;
				DEBUG_INFORMATION_FORMAT = "dwarf-with-dsym";
				ENABLE_NS_ASSERTIONS = NO;
				ENABLE_STRICT_OBJC_MSGSEND = YES;
				ENABLE_USER_SCRIPT_SANDBOXING = YES;
				GCC_C_LANGUAGE_STANDARD = gnu17;
				GCC_NO_COMMON_BLOCKS = YES;
				GCC_WARN_64_TO_32_BIT_CONVERSION = YES;
				GCC_WARN_ABOUT_RETURN_TYPE = YES_ERROR;
				GCC_WARN_UNDECLARED_SELECTOR = YES;
				GCC_WARN_UNINITIALIZED_AUTOS = YES_AGGRESSIVE;
				GCC_WARN_UNUSED_FUNCTION = YES;
				GCC_WARN_UNUSED_VARIABLE = YES;
				LOCALIZATION_PREFERS_STRING_CATALOGS = YES;
				MTL_ENABLE_DEBUG_INFO = NO;
				MTL_FAST_MATH = YES;
				SWIFT_COMPILATION_MODE = wholemodule;
			};
			name = Release;
		};
		2027223D2C018F4100102EF7 /* Debug */ = {
			isa = XCBuildConfiguration;
			buildSettings = {
				ASSETCATALOG_COMPILER_APPICON_NAME = AppIcon;
				ASSETCATALOG_COMPILER_GLOBAL_ACCENT_COLOR_NAME = AccentColor;
				CODE_SIGN_ENTITLEMENTS = "Tchê Conecta/Tche__Conecta.entitlements";
				CODE_SIGN_STYLE = Automatic;
				CURRENT_PROJECT_VERSION = 1;
				DEVELOPMENT_ASSET_PATHS = "\"Tchê Conecta/Preview Content\"";
				DEVELOPMENT_TEAM = JNXAHZ4P2R;
				ENABLE_HARDENED_RUNTIME = YES;
				ENABLE_PREVIEWS = YES;
				GENERATE_INFOPLIST_FILE = YES;
				"INFOPLIST_KEY_UIApplicationSceneManifest_Generation[sdk=iphoneos*]" = YES;
				"INFOPLIST_KEY_UIApplicationSceneManifest_Generation[sdk=iphonesimulator*]" = YES;
				"INFOPLIST_KEY_UIApplicationSupportsIndirectInputEvents[sdk=iphoneos*]" = YES;
				"INFOPLIST_KEY_UIApplicationSupportsIndirectInputEvents[sdk=iphonesimulator*]" = YES;
				"INFOPLIST_KEY_UILaunchScreen_Generation[sdk=iphoneos*]" = YES;
				"INFOPLIST_KEY_UILaunchScreen_Generation[sdk=iphonesimulator*]" = YES;
				"INFOPLIST_KEY_UIStatusBarStyle[sdk=iphoneos*]" = UIStatusBarStyleDefault;
				"INFOPLIST_KEY_UIStatusBarStyle[sdk=iphonesimulator*]" = UIStatusBarStyleDefault;
				INFOPLIST_KEY_UISupportedInterfaceOrientations_iPad = "UIInterfaceOrientationPortrait UIInterfaceOrientationPortraitUpsideDown UIInterfaceOrientationLandscapeLeft UIInterfaceOrientationLandscapeRight";
				INFOPLIST_KEY_UISupportedInterfaceOrientations_iPhone = "UIInterfaceOrientationPortrait UIInterfaceOrientationLandscapeLeft UIInterfaceOrientationLandscapeRight";
				IPHONEOS_DEPLOYMENT_TARGET = 17.4;
				LD_RUNPATH_SEARCH_PATHS = "@executable_path/Frameworks";
				"LD_RUNPATH_SEARCH_PATHS[sdk=macosx*]" = "@executable_path/../Frameworks";
				MACOSX_DEPLOYMENT_TARGET = 14.4;
				MARKETING_VERSION = 1.0;
				PRODUCT_BUNDLE_IDENTIFIER = "com.yagopereira.Tche--Conecta";
				PRODUCT_NAME = "$(TARGET_NAME)";
				SDKROOT = auto;
				SUPPORTED_PLATFORMS = "iphoneos iphonesimulator macosx";
				SWIFT_EMIT_LOC_STRINGS = YES;
				SWIFT_VERSION = 5.0;
				TARGETED_DEVICE_FAMILY = "1,2";
			};
			name = Debug;
		};
		2027223E2C018F4100102EF7 /* Release */ = {
			isa = XCBuildConfiguration;
			buildSettings = {
				ASSETCATALOG_COMPILER_APPICON_NAME = AppIcon;
				ASSETCATALOG_COMPILER_GLOBAL_ACCENT_COLOR_NAME = AccentColor;
				CODE_SIGN_ENTITLEMENTS = "Tchê Conecta/Tche__Conecta.entitlements";
				CODE_SIGN_STYLE = Automatic;
				CURRENT_PROJECT_VERSION = 1;
				DEVELOPMENT_ASSET_PATHS = "\"Tchê Conecta/Preview Content\"";
				DEVELOPMENT_TEAM = JNXAHZ4P2R;
				ENABLE_HARDENED_RUNTIME = YES;
				ENABLE_PREVIEWS = YES;
				GENERATE_INFOPLIST_FILE = YES;
				"INFOPLIST_KEY_UIApplicationSceneManifest_Generation[sdk=iphoneos*]" = YES;
				"INFOPLIST_KEY_UIApplicationSceneManifest_Generation[sdk=iphonesimulator*]" = YES;
				"INFOPLIST_KEY_UIApplicationSupportsIndirectInputEvents[sdk=iphoneos*]" = YES;
				"INFOPLIST_KEY_UIApplicationSupportsIndirectInputEvents[sdk=iphonesimulator*]" = YES;
				"INFOPLIST_KEY_UILaunchScreen_Generation[sdk=iphoneos*]" = YES;
				"INFOPLIST_KEY_UILaunchScreen_Generation[sdk=iphonesimulator*]" = YES;
				"INFOPLIST_KEY_UIStatusBarStyle[sdk=iphoneos*]" = UIStatusBarStyleDefault;
				"INFOPLIST_KEY_UIStatusBarStyle[sdk=iphonesimulator*]" = UIStatusBarStyleDefault;
				INFOPLIST_KEY_UISupportedInterfaceOrientations_iPad = "UIInterfaceOrientationPortrait UIInterfaceOrientationPortraitUpsideDown UIInterfaceOrientationLandscapeLeft UIInterfaceOrientationLandscapeRight";
				INFOPLIST_KEY_UISupportedInterfaceOrientations_iPhone = "UIInterfaceOrientationPortrait UIInterfaceOrientationLandscapeLeft UIInterfaceOrientationLandscapeRight";
				IPHONEOS_DEPLOYMENT_TARGET = 17.4;
				LD_RUNPATH_SEARCH_PATHS = "@executable_path/Frameworks";
				"LD_RUNPATH_SEARCH_PATHS[sdk=macosx*]" = "@executable_path/../Frameworks";
				MACOSX_DEPLOYMENT_TARGET = 14.4;
				MARKETING_VERSION = 1.0;
				PRODUCT_BUNDLE_IDENTIFIER = "com.yagopereira.Tche--Conecta";
				PRODUCT_NAME = "$(TARGET_NAME)";
				SDKROOT = auto;
				SUPPORTED_PLATFORMS = "iphoneos iphonesimulator macosx";
				SWIFT_EMIT_LOC_STRINGS = YES;
				SWIFT_VERSION = 5.0;
				TARGETED_DEVICE_FAMILY = "1,2";
			};
			name = Release;
		};
/* End XCBuildConfiguration section */

/* Begin XCConfigurationList section */
		202722282C018F3F00102EF7 /* Build configuration list for PBXProject "Tchê Conecta" */ = {
			isa = XCConfigurationList;
			buildConfigurations = (
				2027223A2C018F4100102EF7 /* Debug */,
				2027223B2C018F4100102EF7 /* Release */,
			);
			defaultConfigurationIsVisible = 0;
			defaultConfigurationName = Release;
		};
		2027223C2C018F4100102EF7 /* Build configuration list for PBXNativeTarget "Tchê Conecta" */ = {
			isa = XCConfigurationList;
			buildConfigurations = (
				2027223D2C018F4100102EF7 /* Debug */,
				2027223E2C018F4100102EF7 /* Release */,
			);
			defaultConfigurationIsVisible = 0;
			defaultConfigurationName = Release;
		};
/* End XCConfigurationList section */
	};
	rootObject = 202722252C018F3F00102EF7 /* Project object */;
}
